
Microsoft Visual Studio Solution File, Format Version 12.00
# Visual Studio Version 17
VisualStudioVersion = 17.0.31903.59
MinimumVisualStudioVersion = 10.0.40219.1
Project("{2150E333-8FDC-42A3-9474-1A3956D46DE8}") = "src", "src", "{827E0CD3-B72D-47B6-A68D-7590B98EB39B}"
EndProject
Project("{FAE04EC0-301F-11D3-BF4B-00C04F79EFBC}") = "ElroukenAljamil.API", "src\ElroukenAljamil.API\ElroukenAljamil.API.csproj", "{1B8A23FD-CEB7-4F21-A2B3-DA3A1516DE38}"
EndProject
Project("{FAE04EC0-301F-11D3-BF4B-00C04F79EFBC}") = "ElroukenAljamil.Application", "src\ElroukenAljamil.Application\ElroukenAljamil.Application.csproj", "{9BE3CF32-B1AC-4606-B9FB-9450425BA0A2}"
EndProject
Project("{FAE04EC0-301F-11D3-BF4B-00C04F79EFBC}") = "ElroukenAljamil.Domain", "src\ElroukenAljamil.Domain\ElroukenAljamil.Domain.csproj", "{A6314BA2-4FA6-489B-9E29-0096F2BA9DFD}"
EndProject
Project("{FAE04EC0-301F-11D3-BF4B-00C04F79EFBC}") = "ElroukenAljamil.Infrastructure", "src\ElroukenAljamil.Infrastructure\ElroukenAljamil.Infrastructure.csproj", "{CF78B36B-BF78-401C-AF84-121C37ED4AFE}"
EndProject
Global
	GlobalSection(SolutionConfigurationPlatforms) = preSolution
		Debug|Any CPU = Debug|Any CPU
		Debug|x64 = Debug|x64
		Debug|x86 = Debug|x86
		Release|Any CPU = Release|Any CPU
		Release|x64 = Release|x64
		Release|x86 = Release|x86
	EndGlobalSection
	GlobalSection(ProjectConfigurationPlatforms) = postSolution
		{1B8A23FD-CEB7-4F21-A2B3-DA3A1516DE38}.Debug|Any CPU.ActiveCfg = Debug|Any CPU
		{1B8A23FD-CEB7-4F21-A2B3-DA3A1516DE38}.Debug|Any CPU.Build.0 = Debug|Any CPU
		{1B8A23FD-CEB7-4F21-A2B3-DA3A1516DE38}.Debug|x64.ActiveCfg = Debug|Any CPU
		{1B8A23FD-CEB7-4F21-A2B3-DA3A1516DE38}.Debug|x64.Build.0 = Debug|Any CPU
		{1B8A23FD-CEB7-4F21-A2B3-DA3A1516DE38}.Debug|x86.ActiveCfg = Debug|Any CPU
		{1B8A23FD-CEB7-4F21-A2B3-DA3A1516DE38}.Debug|x86.Build.0 = Debug|Any CPU
		{1B8A23FD-CEB7-4F21-A2B3-DA3A1516DE38}.Release|Any CPU.ActiveCfg = Release|Any CPU
		{1B8A23FD-CEB7-4F21-A2B3-DA3A1516DE38}.Release|Any CPU.Build.0 = Release|Any CPU
		{1B8A23FD-CEB7-4F21-A2B3-DA3A1516DE38}.Release|x64.ActiveCfg = Release|Any CPU
		{1B8A23FD-CEB7-4F21-A2B3-DA3A1516DE38}.Release|x64.Build.0 = Release|Any CPU
		{1B8A23FD-CEB7-4F21-A2B3-DA3A1516DE38}.Release|x86.ActiveCfg = Release|Any CPU
		{1B8A23FD-CEB7-4F21-A2B3-DA3A1516DE38}.Release|x86.Build.0 = Release|Any CPU
		{9BE3CF32-B1AC-4606-B9FB-9450425BA0A2}.Debug|Any CPU.ActiveCfg = Debug|Any CPU
		{9BE3CF32-B1AC-4606-B9FB-9450425BA0A2}.Debug|Any CPU.Build.0 = Debug|Any CPU
		{9BE3CF32-B1AC-4606-B9FB-9450425BA0A2}.Debug|x64.ActiveCfg = Debug|Any CPU
		{9BE3CF32-B1AC-4606-B9FB-9450425BA0A2}.Debug|x64.Build.0 = Debug|Any CPU
		{9BE3CF32-B1AC-4606-B9FB-9450425BA0A2}.Debug|x86.ActiveCfg = Debug|Any CPU
		{9BE3CF32-B1AC-4606-B9FB-9450425BA0A2}.Debug|x86.Build.0 = Debug|Any CPU
		{9BE3CF32-B1AC-4606-B9FB-9450425BA0A2}.Release|Any CPU.ActiveCfg = Release|Any CPU
		{9BE3CF32-B1AC-4606-B9FB-9450425BA0A2}.Release|Any CPU.Build.0 = Release|Any CPU
		{9BE3CF32-B1AC-4606-B9FB-9450425BA0A2}.Release|x64.ActiveCfg = Release|Any CPU
		{9BE3CF32-B1AC-4606-B9FB-9450425BA0A2}.Release|x64.Build.0 = Release|Any CPU
		{9BE3CF32-B1AC-4606-B9FB-9450425BA0A2}.Release|x86.ActiveCfg = Release|Any CPU
		{9BE3CF32-B1AC-4606-B9FB-9450425BA0A2}.Release|x86.Build.0 = Release|Any CPU
		{A6314BA2-4FA6-489B-9E29-0096F2BA9DFD}.Debug|Any CPU.ActiveCfg = Debug|Any CPU
		{A6314BA2-4FA6-489B-9E29-0096F2BA9DFD}.Debug|Any CPU.Build.0 = Debug|Any CPU
		{A6314BA2-4FA6-489B-9E29-0096F2BA9DFD}.Debug|x64.ActiveCfg = Debug|Any CPU
		{A6314BA2-4FA6-489B-9E29-0096F2BA9DFD}.Debug|x64.Build.0 = Debug|Any CPU
		{A6314BA2-4FA6-489B-9E29-0096F2BA9DFD}.Debug|x86.ActiveCfg = Debug|Any CPU
		{A6314BA2-4FA6-489B-9E29-0096F2BA9DFD}.Debug|x86.Build.0 = Debug|Any CPU
		{A6314BA2-4FA6-489B-9E29-0096F2BA9DFD}.Release|Any CPU.ActiveCfg = Release|Any CPU
		{A6314BA2-4FA6-489B-9E29-0096F2BA9DFD}.Release|Any CPU.Build.0 = Release|Any CPU
		{A6314BA2-4FA6-489B-9E29-0096F2BA9DFD}.Release|x64.ActiveCfg = Release|Any CPU
		{A6314BA2-4FA6-489B-9E29-0096F2BA9DFD}.Release|x64.Build.0 = Release|Any CPU
		{A6314BA2-4FA6-489B-9E29-0096F2BA9DFD}.Release|x86.ActiveCfg = Release|Any CPU
		{A6314BA2-4FA6-489B-9E29-0096F2BA9DFD}.Release|x86.Build.0 = Release|Any CPU
		{CF78B36B-BF78-401C-AF84-121C37ED4AFE}.Debug|Any CPU.ActiveCfg = Debug|Any CPU
		{CF78B36B-BF78-401C-AF84-121C37ED4AFE}.Debug|Any CPU.Build.0 = Debug|Any CPU
		{CF78B36B-BF78-401C-AF84-121C37ED4AFE}.Debug|x64.ActiveCfg = Debug|Any CPU
		{CF78B36B-BF78-401C-AF84-121C37ED4AFE}.Debug|x64.Build.0 = Debug|Any CPU
		{CF78B36B-BF78-401C-AF84-121C37ED4AFE}.Debug|x86.ActiveCfg = Debug|Any CPU
		{CF78B36B-BF78-401C-AF84-121C37ED4AFE}.Debug|x86.Build.0 = Debug|Any CPU
		{CF78B36B-BF78-401C-AF84-121C37ED4AFE}.Release|Any CPU.ActiveCfg = Release|Any CPU
		{CF78B36B-BF78-401C-AF84-121C37ED4AFE}.Release|Any CPU.Build.0 = Release|Any CPU
		{CF78B36B-BF78-401C-AF84-121C37ED4AFE}.Release|x64.ActiveCfg = Release|Any CPU
		{CF78B36B-BF78-401C-AF84-121C37ED4AFE}.Release|x64.Build.0 = Release|Any CPU
		{CF78B36B-BF78-401C-AF84-121C37ED4AFE}.Release|x86.ActiveCfg = Release|Any CPU
		{CF78B36B-BF78-401C-AF84-121C37ED4AFE}.Release|x86.Build.0 = Release|Any CPU
	EndGlobalSection
	GlobalSection(SolutionProperties) = preSolution
		HideSolutionNode = FALSE
	EndGlobalSection
	GlobalSection(NestedProjects) = preSolution
		{1B8A23FD-CEB7-4F21-A2B3-DA3A1516DE38} = {827E0CD3-B72D-47B6-A68D-7590B98EB39B}
		{9BE3CF32-B1AC-4606-B9FB-9450425BA0A2} = {827E0CD3-B72D-47B6-A68D-7590B98EB39B}
		{A6314BA2-4FA6-489B-9E29-0096F2BA9DFD} = {827E0CD3-B72D-47B6-A68D-7590B98EB39B}
		{CF78B36B-BF78-401C-AF84-121C37ED4AFE} = {827E0CD3-B72D-47B6-A68D-7590B98EB39B}
	EndGlobalSection
EndGlobal
