
Microsoft Visual Studio Solution File, Format Version 12.00
# Visual Studio Version 17
VisualStudioVersion = 17.0.31903.59
MinimumVisualStudioVersion = 10.0.40219.1
Project("{2150E333-8FDC-42A3-9474-1A3956D46DE8}") = "src", "src", "{827E0CD3-B72D-47B6-A68D-7590B98EB39B}"
EndProject
Project("{FAE04EC0-301F-11D3-BF4B-00C04F79EFBC}") = "ElroukenAljamil.API", "src\ElroukenAljamil.API\ElroukenAljamil.API.csproj", "{1B8A23FD-CEB7-4F21-A2B3-DA3A1516DE38}"
EndProject
Project("{FAE04EC0-301F-11D3-BF4B-00C04F79EFBC}") = "ElroukenAljamil.Application", "src\ElroukenAljamil.Application\ElroukenAljamil.Application.csproj", "{9BE3CF32-B1AC-4606-B9FB-9450425BA0A2}"
EndProject
Project("{FAE04EC0-301F-11D3-BF4B-00C04F79EFBC}") = "ElroukenAljamil.Domain", "src\ElroukenAljamil.Domain\ElroukenAljamil.Domain.csproj", "{A6314BA2-4FA6-489B-9E29-0096F2BA9DFD}"
EndProject
Project("{FAE04EC0-301F-11D3-BF4B-00C04F79EFBC}") = "ElroukenAljamil.Infrastructure", "src\ElroukenAljamil.Infrastructure\ElroukenAljamil.Infrastructure.csproj", "{CF78B36B-BF78-401C-AF84-121C37ED4AFE}"
EndProject
Project("{2150E333-8FDC-42A3-9474-1A3956D46DE8}") = "ApiGateway", "ApiGateway", "{02EA681E-C7D8-13C7-8484-4AC65E1B71E8}"
EndProject
Project("{FAE04EC0-301F-11D3-BF4B-00C04F79EFBC}") = "ElroukenAljamil.ApiGateway", "ElroukenAljamil.ApiGateway\ElroukenAljamil.ApiGateway.csproj", "{7560653F-017F-465E-BC3F-2236CF8BF7F2}"
EndProject
Project("{2150E333-8FDC-42A3-9474-1A3956D46DE8}") = "Services", "Services", "{5E24E14F-28D2-4DC9-A52D-FD33E7B8E9C1}"
EndProject
Project("{FAE04EC0-301F-11D3-BF4B-00C04F79EFBC}") = "ElroukenAljamil.Listings.API", "ElroukenAljamil.Listings.API\ElroukenAljamil.Listings.API.csproj", "{FB850C7D-746B-4B4C-AFDB-B9D8B670F28F}"
EndProject
Project("{2150E333-8FDC-42A3-9474-1A3956D46DE8}") = "Listings", "Listings", "{0DCAED58-C2BA-4044-90DB-3228CB988A06}"
EndProject
Project("{FAE04EC0-301F-11D3-BF4B-00C04F79EFBC}") = "ElroukenAljamil.Listings.Application", "ElroukenAljamil.Listings.Application\ElroukenAljamil.Listings.Application.csproj", "{7F658C61-0641-4766-AAA0-1B76298ADDB2}"
EndProject
Project("{FAE04EC0-301F-11D3-BF4B-00C04F79EFBC}") = "ElroukenAljamil.Listings.Domain", "ElroukenAljamil.Listings.Domain\ElroukenAljamil.Listings.Domain.csproj", "{C0128286-EBEF-4F52-BAEF-7209B95E93A8}"
EndProject
Project("{FAE04EC0-301F-11D3-BF4B-00C04F79EFBC}") = "ElroukenAljamil.Listings.Infrastructure", "ElroukenAljamil.Listings.Infrastructure\ElroukenAljamil.Listings.Infrastructure.csproj", "{550B1D0B-C14C-47A7-91B9-5AE09106D3CD}"
EndProject
Project("{2150E333-8FDC-42A3-9474-1A3956D46DE8}") = "Identity", "Identity", "{36B5F964-9C78-4CDA-A047-50A7A93022B5}"
EndProject
Project("{FAE04EC0-301F-11D3-BF4B-00C04F79EFBC}") = "ElroukenAljamil.Identity.API", "ElroukenAljamil.Identity.API\ElroukenAljamil.Identity.API.csproj", "{B0474E76-DC74-4937-A256-B6D7E0700C69}"
EndProject
Project("{FAE04EC0-301F-11D3-BF4B-00C04F79EFBC}") = "ElroukenAljamil.Identity.Application", "ElroukenAljamil.Identity.Application\ElroukenAljamil.Identity.Application.csproj", "{9E6FAF93-9FF8-4214-A79A-032E625A426B}"
EndProject
Project("{FAE04EC0-301F-11D3-BF4B-00C04F79EFBC}") = "ElroukenAljamil.Identity.Domain", "ElroukenAljamil.Identity.Domain\ElroukenAljamil.Identity.Domain.csproj", "{5F078020-B741-4E00-935F-4447893F3DF9}"
EndProject
Project("{FAE04EC0-301F-11D3-BF4B-00C04F79EFBC}") = "ElroukenAljamil.Identity.Infrastructure", "ElroukenAljamil.Identity.Infrastructure\ElroukenAljamil.Identity.Infrastructure.csproj", "{F8B2DFBA-4F25-46D0-8649-50B587388D27}"
EndProject
Project("{2150E333-8FDC-42A3-9474-1A3956D46DE8}") = "Messaging", "Messaging", "{DB86EC94-A3DD-447A-8675-A8F528B31003}"
EndProject
Project("{FAE04EC0-301F-11D3-BF4B-00C04F79EFBC}") = "ElroukenAljamil.Messaging.API", "ElroukenAljamil.Messaging.API\ElroukenAljamil.Messaging.API.csproj", "{B2A56692-0E22-433A-83D4-4CA01E94BD3D}"
EndProject
Project("{FAE04EC0-301F-11D3-BF4B-00C04F79EFBC}") = "ElroukenAljamil.Messaging.Application", "ElroukenAljamil.Messaging.Application\ElroukenAljamil.Messaging.Application.csproj", "{20A4B18C-1D33-4838-9258-46E946B987AC}"
EndProject
Project("{FAE04EC0-301F-11D3-BF4B-00C04F79EFBC}") = "ElroukenAljamil.Messaging.Domain", "ElroukenAljamil.Messaging.Domain\ElroukenAljamil.Messaging.Domain.csproj", "{C16886D1-32E6-4FB4-800B-1909DBC0DF10}"
EndProject
Project("{FAE04EC0-301F-11D3-BF4B-00C04F79EFBC}") = "ElroukenAljamil.Messaging.Infrastructure", "ElroukenAljamil.Messaging.Infrastructure\ElroukenAljamil.Messaging.Infrastructure.csproj", "{F8305E80-9392-4654-8E6F-0A9A4EC0464A}"
EndProject
Project("{2150E333-8FDC-42A3-9474-1A3956D46DE8}") = "Search", "Search", "{03F4C32F-BA5B-46F2-94FA-16ACDB3CB0E9}"
EndProject
Project("{FAE04EC0-301F-11D3-BF4B-00C04F79EFBC}") = "ElroukenAljamil.Search.API", "ElroukenAljamil.Search.API\ElroukenAljamil.Search.API.csproj", "{F3C567EF-D164-4036-882E-9F06F8296049}"
EndProject
Project("{FAE04EC0-301F-11D3-BF4B-00C04F79EFBC}") = "ElroukenAljamil.Search.Application", "ElroukenAljamil.Search.Application\ElroukenAljamil.Search.Application.csproj", "{8E176420-AD16-49B8-88FF-8C59A61EAA01}"
EndProject
Project("{FAE04EC0-301F-11D3-BF4B-00C04F79EFBC}") = "ElroukenAljamil.Search.Domain", "ElroukenAljamil.Search.Domain\ElroukenAljamil.Search.Domain.csproj", "{4F9527AE-CB75-4662-AFAA-6540792C85F6}"
EndProject
Project("{2150E333-8FDC-42A3-9474-1A3956D46DE8}") = "BuildingBlocks", "BuildingBlocks", "{51333F6A-42E4-4CA5-A12E-3DA743F802EA}"
EndProject
Project("{FAE04EC0-301F-11D3-BF4B-00C04F79EFBC}") = "ElroukenAljamil.Common", "ElroukenAljamil.Common\ElroukenAljamil.Common.csproj", "{F92D18D4-FF80-4BBC-B077-6DA690472F00}"
EndProject
Project("{FAE04EC0-301F-11D3-BF4B-00C04F79EFBC}") = "ElroukenAljamil.EventBus", "ElroukenAljamil.EventBus\ElroukenAljamil.EventBus.csproj", "{1CDB920A-EB1E-4ABC-AF0A-DBE2095EC490}"
EndProject
Project("{2150E333-8FDC-42A3-9474-1A3956D46DE8}") = "tests", "tests", "{6BBE1A47-7671-4FA7-BB81-96E101BB8950}"
EndProject
Project("{FAE04EC0-301F-11D3-BF4B-00C04F79EFBC}") = "ElroukenAljamil.Listings.UnitTests", "ElroukenAljamil.Listings.UnitTests\ElroukenAljamil.Listings.UnitTests.csproj", "{D4CF9532-5182-4BFF-B07F-0BE617447E14}"
EndProject
Project("{FAE04EC0-301F-11D3-BF4B-00C04F79EFBC}") = "ElroukenAljamil.Listings.IntegrationTests", "ElroukenAljamil.Listings.IntegrationTests\ElroukenAljamil.Listings.IntegrationTests.csproj", "{657A98DE-C395-4746-A9BE-3A1678E0392E}"
EndProject
Project("{FAE04EC0-301F-11D3-BF4B-00C04F79EFBC}") = "ElroukenAljamil.Identity.UnitTests", "ElroukenAljamil.Identity.UnitTests\ElroukenAljamil.Identity.UnitTests.csproj", "{BC27C828-D950-4ACE-9FB6-F3BFC08276D3}"
EndProject
Project("{2150E333-8FDC-42A3-9474-1A3956D46DE8}") = "Éléments de solution", "Éléments de solution", "{9C8CB701-102D-CF49-A3E0-89AC09D42C2C}"
	ProjectSection(SolutionItems) = preProject
		docker-compose.override.yml = docker-compose.override.yml
		docker-compose.yml = docker-compose.yml
	EndProjectSection
EndProject
Project("{2150E333-8FDC-42A3-9474-1A3956D46DE8}") = "Notification", "Notification", "{CEE99A05-D365-4A61-ADC1-4825ABE61C15}"
EndProject
Project("{FAE04EC0-301F-11D3-BF4B-00C04F79EFBC}") = "ElroukenAljamil.Notification.Domain", "ElroukenAljamil.Notification.Domain\ElroukenAljamil.Notification.Domain.csproj", "{579A4A28-3B64-4BDE-90DA-1FB65F2A7AA4}"
EndProject
Project("{FAE04EC0-301F-11D3-BF4B-00C04F79EFBC}") = "ElroukenAljamil.Notification.Infrastructure", "ElroukenAljamil.Notification.Infrastructure\ElroukenAljamil.Notification.Infrastructure.csproj", "{B23C564F-69AF-4F3A-AE8B-F5E97A9B80E2}"
EndProject
Project("{FAE04EC0-301F-11D3-BF4B-00C04F79EFBC}") = "ElroukenAljamil.Notification.API", "ElroukenAljamil.Notification.API\ElroukenAljamil.Notification.API.csproj", "{D266C00C-6102-4FC0-AFA7-D8026B8208E5}"
EndProject
Project("{FAE04EC0-301F-11D3-BF4B-00C04F79EFBC}") = "ElroukenAljamil.Notification.UnitTests", "ElroukenAljamil.Notification.UnitTests\ElroukenAljamil.Notification.UnitTests.csproj", "{C37343C6-1305-4274-B4BD-11D4B46326E3}"
EndProject
Project("{FAE04EC0-301F-11D3-BF4B-00C04F79EFBC}") = "ElroukenAljamil.Search.UnitTests", "ElroukenAljamil.Search.UnitTests\ElroukenAljamil.Search.UnitTests.csproj", "{ED0263A7-C636-4EC1-B16F-8D9158A5C5D1}"
EndProject
Project("{2150E333-8FDC-42A3-9474-1A3956D46DE8}") = "Media", "Media", "{2D1C94FB-9FAF-44DB-98D0-7800AF4810A2}"
EndProject
Project("{FAE04EC0-301F-11D3-BF4B-00C04F79EFBC}") = "ElroukenAljamil.Media.Domain", "ElroukenAljamil.Media.Domain\ElroukenAljamil.Media.Domain.csproj", "{A85EA3BD-BCC1-465F-8B85-4EA49EEC900C}"
EndProject
Project("{FAE04EC0-301F-11D3-BF4B-00C04F79EFBC}") = "ElroukenAljamil.Media.Application", "ElroukenAljamil.Media.Application\ElroukenAljamil.Media.Application.csproj", "{D4F23D48-64E7-42DC-A1FB-6CB41BD29D39}"
EndProject
Project("{FAE04EC0-301F-11D3-BF4B-00C04F79EFBC}") = "ElroukenAljamil.Media.Infrastructure", "ElroukenAljamil.Media.Infrastructure\ElroukenAljamil.Media.Infrastructure.csproj", "{9A219150-FD13-4E4F-9A58-0DBAF56278D1}"
EndProject
Project("{FAE04EC0-301F-11D3-BF4B-00C04F79EFBC}") = "ElroukenAljamil.Media.API", "ElroukenAljamil.Media.API\ElroukenAljamil.Media.API.csproj", "{DDD997E2-F660-40CC-9FE8-61C1F0CF9C60}"
EndProject
Project("{FAE04EC0-301F-11D3-BF4B-00C04F79EFBC}") = "ElroukenAljamil.Media.UnitTests", "ElroukenAljamil.Media.UnitTests\ElroukenAljamil.Media.UnitTests.csproj", "{B74DF7CE-EB2A-4B8F-831A-22D625492130}"
EndProject
Project("{FAE04EC0-301F-11D3-BF4B-00C04F79EFBC}") = "ElroukenAljamil.Notification.Application", "ElroukenAljamil.Notification.Application\ElroukenAljamil.Notification.Application.csproj", "{2F74C084-41A7-4960-AF36-854D8E5575AB}"
EndProject
Project("{FAE04EC0-301F-11D3-BF4B-00C04F79EFBC}") = "ElroukenAljamil.Security", "ElroukenAljamil.Security\ElroukenAljamil.Security.csproj", "{235C1781-D5FB-4D9A-95F6-66A57A848D96}"
EndProject
Project("{2150E333-8FDC-42A3-9474-1A3956D46DE8}") = "docs", "docs", "{9553598C-EDBD-4DC5-B94A-FCB64DA43F0B}"
	ProjectSection(SolutionItems) = preProject
		Description Api Getway.txt = Description Api Getway.txt
		exemple structure micro service.txt = exemple structure micro service.txt
		Guide d'exécution et de test en local.txt = Guide d'exécution et de test en local.txt
		Historique conversation.txt = Historique conversation.txt
		Installation d'Elasticsearch pour l'indexation des annonces.txt = Installation d'Elasticsearch pour l'indexation des annonces.txt
		Installation de MinIO pour la gestion d'enregistrement des medias .txt = Installation de MinIO pour la gestion d'enregistrement des medias .txt
		Installation RabbitMQ via Docker.txt = Installation RabbitMQ via Docker.txt
		Ordre de l'execution du projet.txt = Ordre de l'execution du projet.txt
		Search service , Structure complète des fichiers  .txt = Search service , Structure complète des fichiers  .txt
		Service Media  , MinIO  C'est quoi  .txt = Service Media  , MinIO  C'est quoi  .txt
		Service Media Structure complète des fichiers .txt = Service Media Structure complète des fichiers .txt
		Service notification structure complete.txt = Service notification structure complete.txt
		Service Search - Commande docker.txt = Service Search - Commande docker.txt
		Structure complète des fichiers Services Messaging .txt = Structure complète des fichiers Services Messaging .txt
		SuggestQuery  and GetFacetsQuery  in ElasticSearch.txt = SuggestQuery  and GetFacetsQuery  in ElasticSearch.txt
	EndProjectSection
EndProject
Project("{FAE04EC0-301F-11D3-BF4B-00C04F79EFBC}") = "ElroukenAljamil.Search.Infrastructure", "ElroukenAljamil.Search.Infrastructure\ElroukenAljamil.Search.Infrastructure.csproj", "{16F256A2-7E1C-4A40-A850-5B6F7EDFE8D5}"
EndProject
Global
	GlobalSection(SolutionConfigurationPlatforms) = preSolution
		Debug|Any CPU = Debug|Any CPU
		Debug|x64 = Debug|x64
		Debug|x86 = Debug|x86
		Release|Any CPU = Release|Any CPU
		Release|x64 = Release|x64
		Release|x86 = Release|x86
	EndGlobalSection
	GlobalSection(ProjectConfigurationPlatforms) = postSolution
		{1B8A23FD-CEB7-4F21-A2B3-DA3A1516DE38}.Debug|Any CPU.ActiveCfg = Debug|Any CPU
		{1B8A23FD-CEB7-4F21-A2B3-DA3A1516DE38}.Debug|Any CPU.Build.0 = Debug|Any CPU
		{1B8A23FD-CEB7-4F21-A2B3-DA3A1516DE38}.Debug|x64.ActiveCfg = Debug|Any CPU
		{1B8A23FD-CEB7-4F21-A2B3-DA3A1516DE38}.Debug|x64.Build.0 = Debug|Any CPU
		{1B8A23FD-CEB7-4F21-A2B3-DA3A1516DE38}.Debug|x86.ActiveCfg = Debug|Any CPU
		{1B8A23FD-CEB7-4F21-A2B3-DA3A1516DE38}.Debug|x86.Build.0 = Debug|Any CPU
		{1B8A23FD-CEB7-4F21-A2B3-DA3A1516DE38}.Release|Any CPU.ActiveCfg = Release|Any CPU
		{1B8A23FD-CEB7-4F21-A2B3-DA3A1516DE38}.Release|Any CPU.Build.0 = Release|Any CPU
		{1B8A23FD-CEB7-4F21-A2B3-DA3A1516DE38}.Release|x64.ActiveCfg = Release|Any CPU
		{1B8A23FD-CEB7-4F21-A2B3-DA3A1516DE38}.Release|x64.Build.0 = Release|Any CPU
		{1B8A23FD-CEB7-4F21-A2B3-DA3A1516DE38}.Release|x86.ActiveCfg = Release|Any CPU
		{1B8A23FD-CEB7-4F21-A2B3-DA3A1516DE38}.Release|x86.Build.0 = Release|Any CPU
		{9BE3CF32-B1AC-4606-B9FB-9450425BA0A2}.Debug|Any CPU.ActiveCfg = Debug|Any CPU
		{9BE3CF32-B1AC-4606-B9FB-9450425BA0A2}.Debug|Any CPU.Build.0 = Debug|Any CPU
		{9BE3CF32-B1AC-4606-B9FB-9450425BA0A2}.Debug|x64.ActiveCfg = Debug|Any CPU
		{9BE3CF32-B1AC-4606-B9FB-9450425BA0A2}.Debug|x64.Build.0 = Debug|Any CPU
		{9BE3CF32-B1AC-4606-B9FB-9450425BA0A2}.Debug|x86.ActiveCfg = Debug|Any CPU
		{9BE3CF32-B1AC-4606-B9FB-9450425BA0A2}.Debug|x86.Build.0 = Debug|Any CPU
		{9BE3CF32-B1AC-4606-B9FB-9450425BA0A2}.Release|Any CPU.ActiveCfg = Release|Any CPU
		{9BE3CF32-B1AC-4606-B9FB-9450425BA0A2}.Release|Any CPU.Build.0 = Release|Any CPU
		{9BE3CF32-B1AC-4606-B9FB-9450425BA0A2}.Release|x64.ActiveCfg = Release|Any CPU
		{9BE3CF32-B1AC-4606-B9FB-9450425BA0A2}.Release|x64.Build.0 = Release|Any CPU
		{9BE3CF32-B1AC-4606-B9FB-9450425BA0A2}.Release|x86.ActiveCfg = Release|Any CPU
		{9BE3CF32-B1AC-4606-B9FB-9450425BA0A2}.Release|x86.Build.0 = Release|Any CPU
		{A6314BA2-4FA6-489B-9E29-0096F2BA9DFD}.Debug|Any CPU.ActiveCfg = Debug|Any CPU
		{A6314BA2-4FA6-489B-9E29-0096F2BA9DFD}.Debug|Any CPU.Build.0 = Debug|Any CPU
		{A6314BA2-4FA6-489B-9E29-0096F2BA9DFD}.Debug|x64.ActiveCfg = Debug|Any CPU
		{A6314BA2-4FA6-489B-9E29-0096F2BA9DFD}.Debug|x64.Build.0 = Debug|Any CPU
		{A6314BA2-4FA6-489B-9E29-0096F2BA9DFD}.Debug|x86.ActiveCfg = Debug|Any CPU
		{A6314BA2-4FA6-489B-9E29-0096F2BA9DFD}.Debug|x86.Build.0 = Debug|Any CPU
		{A6314BA2-4FA6-489B-9E29-0096F2BA9DFD}.Release|Any CPU.ActiveCfg = Release|Any CPU
		{A6314BA2-4FA6-489B-9E29-0096F2BA9DFD}.Release|Any CPU.Build.0 = Release|Any CPU
		{A6314BA2-4FA6-489B-9E29-0096F2BA9DFD}.Release|x64.ActiveCfg = Release|Any CPU
		{A6314BA2-4FA6-489B-9E29-0096F2BA9DFD}.Release|x64.Build.0 = Release|Any CPU
		{A6314BA2-4FA6-489B-9E29-0096F2BA9DFD}.Release|x86.ActiveCfg = Release|Any CPU
		{A6314BA2-4FA6-489B-9E29-0096F2BA9DFD}.Release|x86.Build.0 = Release|Any CPU
		{CF78B36B-BF78-401C-AF84-121C37ED4AFE}.Debug|Any CPU.ActiveCfg = Debug|Any CPU
		{CF78B36B-BF78-401C-AF84-121C37ED4AFE}.Debug|Any CPU.Build.0 = Debug|Any CPU
		{CF78B36B-BF78-401C-AF84-121C37ED4AFE}.Debug|x64.ActiveCfg = Debug|Any CPU
		{CF78B36B-BF78-401C-AF84-121C37ED4AFE}.Debug|x64.Build.0 = Debug|Any CPU
		{CF78B36B-BF78-401C-AF84-121C37ED4AFE}.Debug|x86.ActiveCfg = Debug|Any CPU
		{CF78B36B-BF78-401C-AF84-121C37ED4AFE}.Debug|x86.Build.0 = Debug|Any CPU
		{CF78B36B-BF78-401C-AF84-121C37ED4AFE}.Release|Any CPU.ActiveCfg = Release|Any CPU
		{CF78B36B-BF78-401C-AF84-121C37ED4AFE}.Release|Any CPU.Build.0 = Release|Any CPU
		{CF78B36B-BF78-401C-AF84-121C37ED4AFE}.Release|x64.ActiveCfg = Release|Any CPU
		{CF78B36B-BF78-401C-AF84-121C37ED4AFE}.Release|x64.Build.0 = Release|Any CPU
		{CF78B36B-BF78-401C-AF84-121C37ED4AFE}.Release|x86.ActiveCfg = Release|Any CPU
		{CF78B36B-BF78-401C-AF84-121C37ED4AFE}.Release|x86.Build.0 = Release|Any CPU
		{7560653F-017F-465E-BC3F-2236CF8BF7F2}.Debug|Any CPU.ActiveCfg = Debug|Any CPU
		{7560653F-017F-465E-BC3F-2236CF8BF7F2}.Debug|Any CPU.Build.0 = Debug|Any CPU
		{7560653F-017F-465E-BC3F-2236CF8BF7F2}.Debug|x64.ActiveCfg = Debug|Any CPU
		{7560653F-017F-465E-BC3F-2236CF8BF7F2}.Debug|x64.Build.0 = Debug|Any CPU
		{7560653F-017F-465E-BC3F-2236CF8BF7F2}.Debug|x86.ActiveCfg = Debug|Any CPU
		{7560653F-017F-465E-BC3F-2236CF8BF7F2}.Debug|x86.Build.0 = Debug|Any CPU
		{7560653F-017F-465E-BC3F-2236CF8BF7F2}.Release|Any CPU.ActiveCfg = Release|Any CPU
		{7560653F-017F-465E-BC3F-2236CF8BF7F2}.Release|Any CPU.Build.0 = Release|Any CPU
		{7560653F-017F-465E-BC3F-2236CF8BF7F2}.Release|x64.ActiveCfg = Release|Any CPU
		{7560653F-017F-465E-BC3F-2236CF8BF7F2}.Release|x64.Build.0 = Release|Any CPU
		{7560653F-017F-465E-BC3F-2236CF8BF7F2}.Release|x86.ActiveCfg = Release|Any CPU
		{7560653F-017F-465E-BC3F-2236CF8BF7F2}.Release|x86.Build.0 = Release|Any CPU
		{FB850C7D-746B-4B4C-AFDB-B9D8B670F28F}.Debug|Any CPU.ActiveCfg = Debug|Any CPU
		{FB850C7D-746B-4B4C-AFDB-B9D8B670F28F}.Debug|Any CPU.Build.0 = Debug|Any CPU
		{FB850C7D-746B-4B4C-AFDB-B9D8B670F28F}.Debug|x64.ActiveCfg = Debug|Any CPU
		{FB850C7D-746B-4B4C-AFDB-B9D8B670F28F}.Debug|x64.Build.0 = Debug|Any CPU
		{FB850C7D-746B-4B4C-AFDB-B9D8B670F28F}.Debug|x86.ActiveCfg = Debug|Any CPU
		{FB850C7D-746B-4B4C-AFDB-B9D8B670F28F}.Debug|x86.Build.0 = Debug|Any CPU
		{FB850C7D-746B-4B4C-AFDB-B9D8B670F28F}.Release|Any CPU.ActiveCfg = Release|Any CPU
		{FB850C7D-746B-4B4C-AFDB-B9D8B670F28F}.Release|Any CPU.Build.0 = Release|Any CPU
		{FB850C7D-746B-4B4C-AFDB-B9D8B670F28F}.Release|x64.ActiveCfg = Release|Any CPU
		{FB850C7D-746B-4B4C-AFDB-B9D8B670F28F}.Release|x64.Build.0 = Release|Any CPU
		{FB850C7D-746B-4B4C-AFDB-B9D8B670F28F}.Release|x86.ActiveCfg = Release|Any CPU
		{FB850C7D-746B-4B4C-AFDB-B9D8B670F28F}.Release|x86.Build.0 = Release|Any CPU
		{7F658C61-0641-4766-AAA0-1B76298ADDB2}.Debug|Any CPU.ActiveCfg = Debug|Any CPU
		{7F658C61-0641-4766-AAA0-1B76298ADDB2}.Debug|Any CPU.Build.0 = Debug|Any CPU
		{7F658C61-0641-4766-AAA0-1B76298ADDB2}.Debug|x64.ActiveCfg = Debug|Any CPU
		{7F658C61-0641-4766-AAA0-1B76298ADDB2}.Debug|x64.Build.0 = Debug|Any CPU
		{7F658C61-0641-4766-AAA0-1B76298ADDB2}.Debug|x86.ActiveCfg = Debug|Any CPU
		{7F658C61-0641-4766-AAA0-1B76298ADDB2}.Debug|x86.Build.0 = Debug|Any CPU
		{7F658C61-0641-4766-AAA0-1B76298ADDB2}.Release|Any CPU.ActiveCfg = Release|Any CPU
		{7F658C61-0641-4766-AAA0-1B76298ADDB2}.Release|Any CPU.Build.0 = Release|Any CPU
		{7F658C61-0641-4766-AAA0-1B76298ADDB2}.Release|x64.ActiveCfg = Release|Any CPU
		{7F658C61-0641-4766-AAA0-1B76298ADDB2}.Release|x64.Build.0 = Release|Any CPU
		{7F658C61-0641-4766-AAA0-1B76298ADDB2}.Release|x86.ActiveCfg = Release|Any CPU
		{7F658C61-0641-4766-AAA0-1B76298ADDB2}.Release|x86.Build.0 = Release|Any CPU
		{C0128286-EBEF-4F52-BAEF-7209B95E93A8}.Debug|Any CPU.ActiveCfg = Debug|Any CPU
		{C0128286-EBEF-4F52-BAEF-7209B95E93A8}.Debug|Any CPU.Build.0 = Debug|Any CPU
		{C0128286-EBEF-4F52-BAEF-7209B95E93A8}.Debug|x64.ActiveCfg = Debug|Any CPU
		{C0128286-EBEF-4F52-BAEF-7209B95E93A8}.Debug|x64.Build.0 = Debug|Any CPU
		{C0128286-EBEF-4F52-BAEF-7209B95E93A8}.Debug|x86.ActiveCfg = Debug|Any CPU
		{C0128286-EBEF-4F52-BAEF-7209B95E93A8}.Debug|x86.Build.0 = Debug|Any CPU
		{C0128286-EBEF-4F52-BAEF-7209B95E93A8}.Release|Any CPU.ActiveCfg = Release|Any CPU
		{C0128286-EBEF-4F52-BAEF-7209B95E93A8}.Release|Any CPU.Build.0 = Release|Any CPU
		{C0128286-EBEF-4F52-BAEF-7209B95E93A8}.Release|x64.ActiveCfg = Release|Any CPU
		{C0128286-EBEF-4F52-BAEF-7209B95E93A8}.Release|x64.Build.0 = Release|Any CPU
		{C0128286-EBEF-4F52-BAEF-7209B95E93A8}.Release|x86.ActiveCfg = Release|Any CPU
		{C0128286-EBEF-4F52-BAEF-7209B95E93A8}.Release|x86.Build.0 = Release|Any CPU
		{550B1D0B-C14C-47A7-91B9-5AE09106D3CD}.Debug|Any CPU.ActiveCfg = Debug|Any CPU
		{550B1D0B-C14C-47A7-91B9-5AE09106D3CD}.Debug|Any CPU.Build.0 = Debug|Any CPU
		{550B1D0B-C14C-47A7-91B9-5AE09106D3CD}.Debug|x64.ActiveCfg = Debug|Any CPU
		{550B1D0B-C14C-47A7-91B9-5AE09106D3CD}.Debug|x64.Build.0 = Debug|Any CPU
		{550B1D0B-C14C-47A7-91B9-5AE09106D3CD}.Debug|x86.ActiveCfg = Debug|Any CPU
		{550B1D0B-C14C-47A7-91B9-5AE09106D3CD}.Debug|x86.Build.0 = Debug|Any CPU
		{550B1D0B-C14C-47A7-91B9-5AE09106D3CD}.Release|Any CPU.ActiveCfg = Release|Any CPU
		{550B1D0B-C14C-47A7-91B9-5AE09106D3CD}.Release|Any CPU.Build.0 = Release|Any CPU
		{550B1D0B-C14C-47A7-91B9-5AE09106D3CD}.Release|x64.ActiveCfg = Release|Any CPU
		{550B1D0B-C14C-47A7-91B9-5AE09106D3CD}.Release|x64.Build.0 = Release|Any CPU
		{550B1D0B-C14C-47A7-91B9-5AE09106D3CD}.Release|x86.ActiveCfg = Release|Any CPU
		{550B1D0B-C14C-47A7-91B9-5AE09106D3CD}.Release|x86.Build.0 = Release|Any CPU
		{B0474E76-DC74-4937-A256-B6D7E0700C69}.Debug|Any CPU.ActiveCfg = Debug|Any CPU
		{B0474E76-DC74-4937-A256-B6D7E0700C69}.Debug|Any CPU.Build.0 = Debug|Any CPU
		{B0474E76-DC74-4937-A256-B6D7E0700C69}.Debug|x64.ActiveCfg = Debug|Any CPU
		{B0474E76-DC74-4937-A256-B6D7E0700C69}.Debug|x64.Build.0 = Debug|Any CPU
		{B0474E76-DC74-4937-A256-B6D7E0700C69}.Debug|x86.ActiveCfg = Debug|Any CPU
		{B0474E76-DC74-4937-A256-B6D7E0700C69}.Debug|x86.Build.0 = Debug|Any CPU
		{B0474E76-DC74-4937-A256-B6D7E0700C69}.Release|Any CPU.ActiveCfg = Release|Any CPU
		{B0474E76-DC74-4937-A256-B6D7E0700C69}.Release|Any CPU.Build.0 = Release|Any CPU
		{B0474E76-DC74-4937-A256-B6D7E0700C69}.Release|x64.ActiveCfg = Release|Any CPU
		{B0474E76-DC74-4937-A256-B6D7E0700C69}.Release|x64.Build.0 = Release|Any CPU
		{B0474E76-DC74-4937-A256-B6D7E0700C69}.Release|x86.ActiveCfg = Release|Any CPU
		{B0474E76-DC74-4937-A256-B6D7E0700C69}.Release|x86.Build.0 = Release|Any CPU
		{9E6FAF93-9FF8-4214-A79A-032E625A426B}.Debug|Any CPU.ActiveCfg = Debug|Any CPU
		{9E6FAF93-9FF8-4214-A79A-032E625A426B}.Debug|Any CPU.Build.0 = Debug|Any CPU
		{9E6FAF93-9FF8-4214-A79A-032E625A426B}.Debug|x64.ActiveCfg = Debug|Any CPU
		{9E6FAF93-9FF8-4214-A79A-032E625A426B}.Debug|x64.Build.0 = Debug|Any CPU
		{9E6FAF93-9FF8-4214-A79A-032E625A426B}.Debug|x86.ActiveCfg = Debug|Any CPU
		{9E6FAF93-9FF8-4214-A79A-032E625A426B}.Debug|x86.Build.0 = Debug|Any CPU
		{9E6FAF93-9FF8-4214-A79A-032E625A426B}.Release|Any CPU.ActiveCfg = Release|Any CPU
		{9E6FAF93-9FF8-4214-A79A-032E625A426B}.Release|Any CPU.Build.0 = Release|Any CPU
		{9E6FAF93-9FF8-4214-A79A-032E625A426B}.Release|x64.ActiveCfg = Release|Any CPU
		{9E6FAF93-9FF8-4214-A79A-032E625A426B}.Release|x64.Build.0 = Release|Any CPU
		{9E6FAF93-9FF8-4214-A79A-032E625A426B}.Release|x86.ActiveCfg = Release|Any CPU
		{9E6FAF93-9FF8-4214-A79A-032E625A426B}.Release|x86.Build.0 = Release|Any CPU
		{5F078020-B741-4E00-935F-4447893F3DF9}.Debug|Any CPU.ActiveCfg = Debug|Any CPU
		{5F078020-B741-4E00-935F-4447893F3DF9}.Debug|Any CPU.Build.0 = Debug|Any CPU
		{5F078020-B741-4E00-935F-4447893F3DF9}.Debug|x64.ActiveCfg = Debug|Any CPU
		{5F078020-B741-4E00-935F-4447893F3DF9}.Debug|x64.Build.0 = Debug|Any CPU
		{5F078020-B741-4E00-935F-4447893F3DF9}.Debug|x86.ActiveCfg = Debug|Any CPU
		{5F078020-B741-4E00-935F-4447893F3DF9}.Debug|x86.Build.0 = Debug|Any CPU
		{5F078020-B741-4E00-935F-4447893F3DF9}.Release|Any CPU.ActiveCfg = Release|Any CPU
		{5F078020-B741-4E00-935F-4447893F3DF9}.Release|Any CPU.Build.0 = Release|Any CPU
		{5F078020-B741-4E00-935F-4447893F3DF9}.Release|x64.ActiveCfg = Release|Any CPU
		{5F078020-B741-4E00-935F-4447893F3DF9}.Release|x64.Build.0 = Release|Any CPU
		{5F078020-B741-4E00-935F-4447893F3DF9}.Release|x86.ActiveCfg = Release|Any CPU
		{5F078020-B741-4E00-935F-4447893F3DF9}.Release|x86.Build.0 = Release|Any CPU
		{F8B2DFBA-4F25-46D0-8649-50B587388D27}.Debug|Any CPU.ActiveCfg = Debug|Any CPU
		{F8B2DFBA-4F25-46D0-8649-50B587388D27}.Debug|Any CPU.Build.0 = Debug|Any CPU
		{F8B2DFBA-4F25-46D0-8649-50B587388D27}.Debug|x64.ActiveCfg = Debug|Any CPU
		{F8B2DFBA-4F25-46D0-8649-50B587388D27}.Debug|x64.Build.0 = Debug|Any CPU
		{F8B2DFBA-4F25-46D0-8649-50B587388D27}.Debug|x86.ActiveCfg = Debug|Any CPU
		{F8B2DFBA-4F25-46D0-8649-50B587388D27}.Debug|x86.Build.0 = Debug|Any CPU
		{F8B2DFBA-4F25-46D0-8649-50B587388D27}.Release|Any CPU.ActiveCfg = Release|Any CPU
		{F8B2DFBA-4F25-46D0-8649-50B587388D27}.Release|Any CPU.Build.0 = Release|Any CPU
		{F8B2DFBA-4F25-46D0-8649-50B587388D27}.Release|x64.ActiveCfg = Release|Any CPU
		{F8B2DFBA-4F25-46D0-8649-50B587388D27}.Release|x64.Build.0 = Release|Any CPU
		{F8B2DFBA-4F25-46D0-8649-50B587388D27}.Release|x86.ActiveCfg = Release|Any CPU
		{F8B2DFBA-4F25-46D0-8649-50B587388D27}.Release|x86.Build.0 = Release|Any CPU
		{B2A56692-0E22-433A-83D4-4CA01E94BD3D}.Debug|Any CPU.ActiveCfg = Debug|Any CPU
		{B2A56692-0E22-433A-83D4-4CA01E94BD3D}.Debug|Any CPU.Build.0 = Debug|Any CPU
		{B2A56692-0E22-433A-83D4-4CA01E94BD3D}.Debug|x64.ActiveCfg = Debug|Any CPU
		{B2A56692-0E22-433A-83D4-4CA01E94BD3D}.Debug|x64.Build.0 = Debug|Any CPU
		{B2A56692-0E22-433A-83D4-4CA01E94BD3D}.Debug|x86.ActiveCfg = Debug|Any CPU
		{B2A56692-0E22-433A-83D4-4CA01E94BD3D}.Debug|x86.Build.0 = Debug|Any CPU
		{B2A56692-0E22-433A-83D4-4CA01E94BD3D}.Release|Any CPU.ActiveCfg = Release|Any CPU
		{B2A56692-0E22-433A-83D4-4CA01E94BD3D}.Release|Any CPU.Build.0 = Release|Any CPU
		{B2A56692-0E22-433A-83D4-4CA01E94BD3D}.Release|x64.ActiveCfg = Release|Any CPU
		{B2A56692-0E22-433A-83D4-4CA01E94BD3D}.Release|x64.Build.0 = Release|Any CPU
		{B2A56692-0E22-433A-83D4-4CA01E94BD3D}.Release|x86.ActiveCfg = Release|Any CPU
		{B2A56692-0E22-433A-83D4-4CA01E94BD3D}.Release|x86.Build.0 = Release|Any CPU
		{20A4B18C-1D33-4838-9258-46E946B987AC}.Debug|Any CPU.ActiveCfg = Debug|Any CPU
		{20A4B18C-1D33-4838-9258-46E946B987AC}.Debug|Any CPU.Build.0 = Debug|Any CPU
		{20A4B18C-1D33-4838-9258-46E946B987AC}.Debug|x64.ActiveCfg = Debug|Any CPU
		{20A4B18C-1D33-4838-9258-46E946B987AC}.Debug|x64.Build.0 = Debug|Any CPU
		{20A4B18C-1D33-4838-9258-46E946B987AC}.Debug|x86.ActiveCfg = Debug|Any CPU
		{20A4B18C-1D33-4838-9258-46E946B987AC}.Debug|x86.Build.0 = Debug|Any CPU
		{20A4B18C-1D33-4838-9258-46E946B987AC}.Release|Any CPU.ActiveCfg = Release|Any CPU
		{20A4B18C-1D33-4838-9258-46E946B987AC}.Release|Any CPU.Build.0 = Release|Any CPU
		{20A4B18C-1D33-4838-9258-46E946B987AC}.Release|x64.ActiveCfg = Release|Any CPU
		{20A4B18C-1D33-4838-9258-46E946B987AC}.Release|x64.Build.0 = Release|Any CPU
		{20A4B18C-1D33-4838-9258-46E946B987AC}.Release|x86.ActiveCfg = Release|Any CPU
		{20A4B18C-1D33-4838-9258-46E946B987AC}.Release|x86.Build.0 = Release|Any CPU
		{C16886D1-32E6-4FB4-800B-1909DBC0DF10}.Debug|Any CPU.ActiveCfg = Debug|Any CPU
		{C16886D1-32E6-4FB4-800B-1909DBC0DF10}.Debug|Any CPU.Build.0 = Debug|Any CPU
		{C16886D1-32E6-4FB4-800B-1909DBC0DF10}.Debug|x64.ActiveCfg = Debug|Any CPU
		{C16886D1-32E6-4FB4-800B-1909DBC0DF10}.Debug|x64.Build.0 = Debug|Any CPU
		{C16886D1-32E6-4FB4-800B-1909DBC0DF10}.Debug|x86.ActiveCfg = Debug|Any CPU
		{C16886D1-32E6-4FB4-800B-1909DBC0DF10}.Debug|x86.Build.0 = Debug|Any CPU
		{C16886D1-32E6-4FB4-800B-1909DBC0DF10}.Release|Any CPU.ActiveCfg = Release|Any CPU
		{C16886D1-32E6-4FB4-800B-1909DBC0DF10}.Release|Any CPU.Build.0 = Release|Any CPU
		{C16886D1-32E6-4FB4-800B-1909DBC0DF10}.Release|x64.ActiveCfg = Release|Any CPU
		{C16886D1-32E6-4FB4-800B-1909DBC0DF10}.Release|x64.Build.0 = Release|Any CPU
		{C16886D1-32E6-4FB4-800B-1909DBC0DF10}.Release|x86.ActiveCfg = Release|Any CPU
		{C16886D1-32E6-4FB4-800B-1909DBC0DF10}.Release|x86.Build.0 = Release|Any CPU
		{F8305E80-9392-4654-8E6F-0A9A4EC0464A}.Debug|Any CPU.ActiveCfg = Debug|Any CPU
		{F8305E80-9392-4654-8E6F-0A9A4EC0464A}.Debug|Any CPU.Build.0 = Debug|Any CPU
		{F8305E80-9392-4654-8E6F-0A9A4EC0464A}.Debug|x64.ActiveCfg = Debug|Any CPU
		{F8305E80-9392-4654-8E6F-0A9A4EC0464A}.Debug|x64.Build.0 = Debug|Any CPU
		{F8305E80-9392-4654-8E6F-0A9A4EC0464A}.Debug|x86.ActiveCfg = Debug|Any CPU
		{F8305E80-9392-4654-8E6F-0A9A4EC0464A}.Debug|x86.Build.0 = Debug|Any CPU
		{F8305E80-9392-4654-8E6F-0A9A4EC0464A}.Release|Any CPU.ActiveCfg = Release|Any CPU
		{F8305E80-9392-4654-8E6F-0A9A4EC0464A}.Release|Any CPU.Build.0 = Release|Any CPU
		{F8305E80-9392-4654-8E6F-0A9A4EC0464A}.Release|x64.ActiveCfg = Release|Any CPU
		{F8305E80-9392-4654-8E6F-0A9A4EC0464A}.Release|x64.Build.0 = Release|Any CPU
		{F8305E80-9392-4654-8E6F-0A9A4EC0464A}.Release|x86.ActiveCfg = Release|Any CPU
		{F8305E80-9392-4654-8E6F-0A9A4EC0464A}.Release|x86.Build.0 = Release|Any CPU
		{F3C567EF-D164-4036-882E-9F06F8296049}.Debug|Any CPU.ActiveCfg = Debug|Any CPU
		{F3C567EF-D164-4036-882E-9F06F8296049}.Debug|Any CPU.Build.0 = Debug|Any CPU
		{F3C567EF-D164-4036-882E-9F06F8296049}.Debug|x64.ActiveCfg = Debug|Any CPU
		{F3C567EF-D164-4036-882E-9F06F8296049}.Debug|x64.Build.0 = Debug|Any CPU
		{F3C567EF-D164-4036-882E-9F06F8296049}.Debug|x86.ActiveCfg = Debug|Any CPU
		{F3C567EF-D164-4036-882E-9F06F8296049}.Debug|x86.Build.0 = Debug|Any CPU
		{F3C567EF-D164-4036-882E-9F06F8296049}.Release|Any CPU.ActiveCfg = Release|Any CPU
		{F3C567EF-D164-4036-882E-9F06F8296049}.Release|Any CPU.Build.0 = Release|Any CPU
		{F3C567EF-D164-4036-882E-9F06F8296049}.Release|x64.ActiveCfg = Release|Any CPU
		{F3C567EF-D164-4036-882E-9F06F8296049}.Release|x64.Build.0 = Release|Any CPU
		{F3C567EF-D164-4036-882E-9F06F8296049}.Release|x86.ActiveCfg = Release|Any CPU
		{F3C567EF-D164-4036-882E-9F06F8296049}.Release|x86.Build.0 = Release|Any CPU
		{8E176420-AD16-49B8-88FF-8C59A61EAA01}.Debug|Any CPU.ActiveCfg = Debug|Any CPU
		{8E176420-AD16-49B8-88FF-8C59A61EAA01}.Debug|Any CPU.Build.0 = Debug|Any CPU
		{8E176420-AD16-49B8-88FF-8C59A61EAA01}.Debug|x64.ActiveCfg = Debug|Any CPU
		{8E176420-AD16-49B8-88FF-8C59A61EAA01}.Debug|x64.Build.0 = Debug|Any CPU
		{8E176420-AD16-49B8-88FF-8C59A61EAA01}.Debug|x86.ActiveCfg = Debug|Any CPU
		{8E176420-AD16-49B8-88FF-8C59A61EAA01}.Debug|x86.Build.0 = Debug|Any CPU
		{8E176420-AD16-49B8-88FF-8C59A61EAA01}.Release|Any CPU.ActiveCfg = Release|Any CPU
		{8E176420-AD16-49B8-88FF-8C59A61EAA01}.Release|Any CPU.Build.0 = Release|Any CPU
		{8E176420-AD16-49B8-88FF-8C59A61EAA01}.Release|x64.ActiveCfg = Release|Any CPU
		{8E176420-AD16-49B8-88FF-8C59A61EAA01}.Release|x64.Build.0 = Release|Any CPU
		{8E176420-AD16-49B8-88FF-8C59A61EAA01}.Release|x86.ActiveCfg = Release|Any CPU
		{8E176420-AD16-49B8-88FF-8C59A61EAA01}.Release|x86.Build.0 = Release|Any CPU
		{4F9527AE-CB75-4662-AFAA-6540792C85F6}.Debug|Any CPU.ActiveCfg = Debug|Any CPU
		{4F9527AE-CB75-4662-AFAA-6540792C85F6}.Debug|Any CPU.Build.0 = Debug|Any CPU
		{4F9527AE-CB75-4662-AFAA-6540792C85F6}.Debug|x64.ActiveCfg = Debug|Any CPU
		{4F9527AE-CB75-4662-AFAA-6540792C85F6}.Debug|x64.Build.0 = Debug|Any CPU
		{4F9527AE-CB75-4662-AFAA-6540792C85F6}.Debug|x86.ActiveCfg = Debug|Any CPU
		{4F9527AE-CB75-4662-AFAA-6540792C85F6}.Debug|x86.Build.0 = Debug|Any CPU
		{4F9527AE-CB75-4662-AFAA-6540792C85F6}.Release|Any CPU.ActiveCfg = Release|Any CPU
		{4F9527AE-CB75-4662-AFAA-6540792C85F6}.Release|Any CPU.Build.0 = Release|Any CPU
		{4F9527AE-CB75-4662-AFAA-6540792C85F6}.Release|x64.ActiveCfg = Release|Any CPU
		{4F9527AE-CB75-4662-AFAA-6540792C85F6}.Release|x64.Build.0 = Release|Any CPU
		{4F9527AE-CB75-4662-AFAA-6540792C85F6}.Release|x86.ActiveCfg = Release|Any CPU
		{4F9527AE-CB75-4662-AFAA-6540792C85F6}.Release|x86.Build.0 = Release|Any CPU
		{F92D18D4-FF80-4BBC-B077-6DA690472F00}.Debug|Any CPU.ActiveCfg = Debug|Any CPU
		{F92D18D4-FF80-4BBC-B077-6DA690472F00}.Debug|Any CPU.Build.0 = Debug|Any CPU
		{F92D18D4-FF80-4BBC-B077-6DA690472F00}.Debug|x64.ActiveCfg = Debug|Any CPU
		{F92D18D4-FF80-4BBC-B077-6DA690472F00}.Debug|x64.Build.0 = Debug|Any CPU
		{F92D18D4-FF80-4BBC-B077-6DA690472F00}.Debug|x86.ActiveCfg = Debug|Any CPU
		{F92D18D4-FF80-4BBC-B077-6DA690472F00}.Debug|x86.Build.0 = Debug|Any CPU
		{F92D18D4-FF80-4BBC-B077-6DA690472F00}.Release|Any CPU.ActiveCfg = Release|Any CPU
		{F92D18D4-FF80-4BBC-B077-6DA690472F00}.Release|Any CPU.Build.0 = Release|Any CPU
		{F92D18D4-FF80-4BBC-B077-6DA690472F00}.Release|x64.ActiveCfg = Release|Any CPU
		{F92D18D4-FF80-4BBC-B077-6DA690472F00}.Release|x64.Build.0 = Release|Any CPU
		{F92D18D4-FF80-4BBC-B077-6DA690472F00}.Release|x86.ActiveCfg = Release|Any CPU
		{F92D18D4-FF80-4BBC-B077-6DA690472F00}.Release|x86.Build.0 = Release|Any CPU
		{1CDB920A-EB1E-4ABC-AF0A-DBE2095EC490}.Debug|Any CPU.ActiveCfg = Debug|Any CPU
		{1CDB920A-EB1E-4ABC-AF0A-DBE2095EC490}.Debug|Any CPU.Build.0 = Debug|Any CPU
		{1CDB920A-EB1E-4ABC-AF0A-DBE2095EC490}.Debug|x64.ActiveCfg = Debug|Any CPU
		{1CDB920A-EB1E-4ABC-AF0A-DBE2095EC490}.Debug|x64.Build.0 = Debug|Any CPU
		{1CDB920A-EB1E-4ABC-AF0A-DBE2095EC490}.Debug|x86.ActiveCfg = Debug|Any CPU
		{1CDB920A-EB1E-4ABC-AF0A-DBE2095EC490}.Debug|x86.Build.0 = Debug|Any CPU
		{1CDB920A-EB1E-4ABC-AF0A-DBE2095EC490}.Release|Any CPU.ActiveCfg = Release|Any CPU
		{1CDB920A-EB1E-4ABC-AF0A-DBE2095EC490}.Release|Any CPU.Build.0 = Release|Any CPU
		{1CDB920A-EB1E-4ABC-AF0A-DBE2095EC490}.Release|x64.ActiveCfg = Release|Any CPU
		{1CDB920A-EB1E-4ABC-AF0A-DBE2095EC490}.Release|x64.Build.0 = Release|Any CPU
		{1CDB920A-EB1E-4ABC-AF0A-DBE2095EC490}.Release|x86.ActiveCfg = Release|Any CPU
		{1CDB920A-EB1E-4ABC-AF0A-DBE2095EC490}.Release|x86.Build.0 = Release|Any CPU
		{D4CF9532-5182-4BFF-B07F-0BE617447E14}.Debug|Any CPU.ActiveCfg = Debug|Any CPU
		{D4CF9532-5182-4BFF-B07F-0BE617447E14}.Debug|Any CPU.Build.0 = Debug|Any CPU
		{D4CF9532-5182-4BFF-B07F-0BE617447E14}.Debug|x64.ActiveCfg = Debug|Any CPU
		{D4CF9532-5182-4BFF-B07F-0BE617447E14}.Debug|x64.Build.0 = Debug|Any CPU
		{D4CF9532-5182-4BFF-B07F-0BE617447E14}.Debug|x86.ActiveCfg = Debug|Any CPU
		{D4CF9532-5182-4BFF-B07F-0BE617447E14}.Debug|x86.Build.0 = Debug|Any CPU
		{D4CF9532-5182-4BFF-B07F-0BE617447E14}.Release|Any CPU.ActiveCfg = Release|Any CPU
		{D4CF9532-5182-4BFF-B07F-0BE617447E14}.Release|Any CPU.Build.0 = Release|Any CPU
		{D4CF9532-5182-4BFF-B07F-0BE617447E14}.Release|x64.ActiveCfg = Release|Any CPU
		{D4CF9532-5182-4BFF-B07F-0BE617447E14}.Release|x64.Build.0 = Release|Any CPU
		{D4CF9532-5182-4BFF-B07F-0BE617447E14}.Release|x86.ActiveCfg = Release|Any CPU
		{D4CF9532-5182-4BFF-B07F-0BE617447E14}.Release|x86.Build.0 = Release|Any CPU
		{657A98DE-C395-4746-A9BE-3A1678E0392E}.Debug|Any CPU.ActiveCfg = Debug|Any CPU
		{657A98DE-C395-4746-A9BE-3A1678E0392E}.Debug|Any CPU.Build.0 = Debug|Any CPU
		{657A98DE-C395-4746-A9BE-3A1678E0392E}.Debug|x64.ActiveCfg = Debug|Any CPU
		{657A98DE-C395-4746-A9BE-3A1678E0392E}.Debug|x64.Build.0 = Debug|Any CPU
		{657A98DE-C395-4746-A9BE-3A1678E0392E}.Debug|x86.ActiveCfg = Debug|Any CPU
		{657A98DE-C395-4746-A9BE-3A1678E0392E}.Debug|x86.Build.0 = Debug|Any CPU
		{657A98DE-C395-4746-A9BE-3A1678E0392E}.Release|Any CPU.ActiveCfg = Release|Any CPU
		{657A98DE-C395-4746-A9BE-3A1678E0392E}.Release|Any CPU.Build.0 = Release|Any CPU
		{657A98DE-C395-4746-A9BE-3A1678E0392E}.Release|x64.ActiveCfg = Release|Any CPU
		{657A98DE-C395-4746-A9BE-3A1678E0392E}.Release|x64.Build.0 = Release|Any CPU
		{657A98DE-C395-4746-A9BE-3A1678E0392E}.Release|x86.ActiveCfg = Release|Any CPU
		{657A98DE-C395-4746-A9BE-3A1678E0392E}.Release|x86.Build.0 = Release|Any CPU
		{BC27C828-D950-4ACE-9FB6-F3BFC08276D3}.Debug|Any CPU.ActiveCfg = Debug|Any CPU
		{BC27C828-D950-4ACE-9FB6-F3BFC08276D3}.Debug|Any CPU.Build.0 = Debug|Any CPU
		{BC27C828-D950-4ACE-9FB6-F3BFC08276D3}.Debug|x64.ActiveCfg = Debug|Any CPU
		{BC27C828-D950-4ACE-9FB6-F3BFC08276D3}.Debug|x64.Build.0 = Debug|Any CPU
		{BC27C828-D950-4ACE-9FB6-F3BFC08276D3}.Debug|x86.ActiveCfg = Debug|Any CPU
		{BC27C828-D950-4ACE-9FB6-F3BFC08276D3}.Debug|x86.Build.0 = Debug|Any CPU
		{BC27C828-D950-4ACE-9FB6-F3BFC08276D3}.Release|Any CPU.ActiveCfg = Release|Any CPU
		{BC27C828-D950-4ACE-9FB6-F3BFC08276D3}.Release|Any CPU.Build.0 = Release|Any CPU
		{BC27C828-D950-4ACE-9FB6-F3BFC08276D3}.Release|x64.ActiveCfg = Release|Any CPU
		{BC27C828-D950-4ACE-9FB6-F3BFC08276D3}.Release|x64.Build.0 = Release|Any CPU
		{BC27C828-D950-4ACE-9FB6-F3BFC08276D3}.Release|x86.ActiveCfg = Release|Any CPU
		{BC27C828-D950-4ACE-9FB6-F3BFC08276D3}.Release|x86.Build.0 = Release|Any CPU
		{579A4A28-3B64-4BDE-90DA-1FB65F2A7AA4}.Debug|Any CPU.ActiveCfg = Debug|Any CPU
		{579A4A28-3B64-4BDE-90DA-1FB65F2A7AA4}.Debug|Any CPU.Build.0 = Debug|Any CPU
		{579A4A28-3B64-4BDE-90DA-1FB65F2A7AA4}.Debug|x64.ActiveCfg = Debug|Any CPU
		{579A4A28-3B64-4BDE-90DA-1FB65F2A7AA4}.Debug|x64.Build.0 = Debug|Any CPU
		{579A4A28-3B64-4BDE-90DA-1FB65F2A7AA4}.Debug|x86.ActiveCfg = Debug|Any CPU
		{579A4A28-3B64-4BDE-90DA-1FB65F2A7AA4}.Debug|x86.Build.0 = Debug|Any CPU
		{579A4A28-3B64-4BDE-90DA-1FB65F2A7AA4}.Release|Any CPU.ActiveCfg = Release|Any CPU
		{579A4A28-3B64-4BDE-90DA-1FB65F2A7AA4}.Release|Any CPU.Build.0 = Release|Any CPU
		{579A4A28-3B64-4BDE-90DA-1FB65F2A7AA4}.Release|x64.ActiveCfg = Release|Any CPU
		{579A4A28-3B64-4BDE-90DA-1FB65F2A7AA4}.Release|x64.Build.0 = Release|Any CPU
		{579A4A28-3B64-4BDE-90DA-1FB65F2A7AA4}.Release|x86.ActiveCfg = Release|Any CPU
		{579A4A28-3B64-4BDE-90DA-1FB65F2A7AA4}.Release|x86.Build.0 = Release|Any CPU
		{B23C564F-69AF-4F3A-AE8B-F5E97A9B80E2}.Debug|Any CPU.ActiveCfg = Debug|Any CPU
		{B23C564F-69AF-4F3A-AE8B-F5E97A9B80E2}.Debug|Any CPU.Build.0 = Debug|Any CPU
		{B23C564F-69AF-4F3A-AE8B-F5E97A9B80E2}.Debug|x64.ActiveCfg = Debug|Any CPU
		{B23C564F-69AF-4F3A-AE8B-F5E97A9B80E2}.Debug|x64.Build.0 = Debug|Any CPU
		{B23C564F-69AF-4F3A-AE8B-F5E97A9B80E2}.Debug|x86.ActiveCfg = Debug|Any CPU
		{B23C564F-69AF-4F3A-AE8B-F5E97A9B80E2}.Debug|x86.Build.0 = Debug|Any CPU
		{B23C564F-69AF-4F3A-AE8B-F5E97A9B80E2}.Release|Any CPU.ActiveCfg = Release|Any CPU
		{B23C564F-69AF-4F3A-AE8B-F5E97A9B80E2}.Release|Any CPU.Build.0 = Release|Any CPU
		{B23C564F-69AF-4F3A-AE8B-F5E97A9B80E2}.Release|x64.ActiveCfg = Release|Any CPU
		{B23C564F-69AF-4F3A-AE8B-F5E97A9B80E2}.Release|x64.Build.0 = Release|Any CPU
		{B23C564F-69AF-4F3A-AE8B-F5E97A9B80E2}.Release|x86.ActiveCfg = Release|Any CPU
		{B23C564F-69AF-4F3A-AE8B-F5E97A9B80E2}.Release|x86.Build.0 = Release|Any CPU
		{D266C00C-6102-4FC0-AFA7-D8026B8208E5}.Debug|Any CPU.ActiveCfg = Debug|Any CPU
		{D266C00C-6102-4FC0-AFA7-D8026B8208E5}.Debug|Any CPU.Build.0 = Debug|Any CPU
		{D266C00C-6102-4FC0-AFA7-D8026B8208E5}.Debug|x64.ActiveCfg = Debug|Any CPU
		{D266C00C-6102-4FC0-AFA7-D8026B8208E5}.Debug|x64.Build.0 = Debug|Any CPU
		{D266C00C-6102-4FC0-AFA7-D8026B8208E5}.Debug|x86.ActiveCfg = Debug|Any CPU
		{D266C00C-6102-4FC0-AFA7-D8026B8208E5}.Debug|x86.Build.0 = Debug|Any CPU
		{D266C00C-6102-4FC0-AFA7-D8026B8208E5}.Release|Any CPU.ActiveCfg = Release|Any CPU
		{D266C00C-6102-4FC0-AFA7-D8026B8208E5}.Release|Any CPU.Build.0 = Release|Any CPU
		{D266C00C-6102-4FC0-AFA7-D8026B8208E5}.Release|x64.ActiveCfg = Release|Any CPU
		{D266C00C-6102-4FC0-AFA7-D8026B8208E5}.Release|x64.Build.0 = Release|Any CPU
		{D266C00C-6102-4FC0-AFA7-D8026B8208E5}.Release|x86.ActiveCfg = Release|Any CPU
		{D266C00C-6102-4FC0-AFA7-D8026B8208E5}.Release|x86.Build.0 = Release|Any CPU
		{C37343C6-1305-4274-B4BD-11D4B46326E3}.Debug|Any CPU.ActiveCfg = Debug|Any CPU
		{C37343C6-1305-4274-B4BD-11D4B46326E3}.Debug|Any CPU.Build.0 = Debug|Any CPU
		{C37343C6-1305-4274-B4BD-11D4B46326E3}.Debug|x64.ActiveCfg = Debug|Any CPU
		{C37343C6-1305-4274-B4BD-11D4B46326E3}.Debug|x64.Build.0 = Debug|Any CPU
		{C37343C6-1305-4274-B4BD-11D4B46326E3}.Debug|x86.ActiveCfg = Debug|Any CPU
		{C37343C6-1305-4274-B4BD-11D4B46326E3}.Debug|x86.Build.0 = Debug|Any CPU
		{C37343C6-1305-4274-B4BD-11D4B46326E3}.Release|Any CPU.ActiveCfg = Release|Any CPU
		{C37343C6-1305-4274-B4BD-11D4B46326E3}.Release|Any CPU.Build.0 = Release|Any CPU
		{C37343C6-1305-4274-B4BD-11D4B46326E3}.Release|x64.ActiveCfg = Release|Any CPU
		{C37343C6-1305-4274-B4BD-11D4B46326E3}.Release|x64.Build.0 = Release|Any CPU
		{C37343C6-1305-4274-B4BD-11D4B46326E3}.Release|x86.ActiveCfg = Release|Any CPU
		{C37343C6-1305-4274-B4BD-11D4B46326E3}.Release|x86.Build.0 = Release|Any CPU
		{ED0263A7-C636-4EC1-B16F-8D9158A5C5D1}.Debug|Any CPU.ActiveCfg = Debug|Any CPU
		{ED0263A7-C636-4EC1-B16F-8D9158A5C5D1}.Debug|Any CPU.Build.0 = Debug|Any CPU
		{ED0263A7-C636-4EC1-B16F-8D9158A5C5D1}.Debug|x64.ActiveCfg = Debug|Any CPU
		{ED0263A7-C636-4EC1-B16F-8D9158A5C5D1}.Debug|x64.Build.0 = Debug|Any CPU
		{ED0263A7-C636-4EC1-B16F-8D9158A5C5D1}.Debug|x86.ActiveCfg = Debug|Any CPU
		{ED0263A7-C636-4EC1-B16F-8D9158A5C5D1}.Debug|x86.Build.0 = Debug|Any CPU
		{ED0263A7-C636-4EC1-B16F-8D9158A5C5D1}.Release|Any CPU.ActiveCfg = Release|Any CPU
		{ED0263A7-C636-4EC1-B16F-8D9158A5C5D1}.Release|Any CPU.Build.0 = Release|Any CPU
		{ED0263A7-C636-4EC1-B16F-8D9158A5C5D1}.Release|x64.ActiveCfg = Release|Any CPU
		{ED0263A7-C636-4EC1-B16F-8D9158A5C5D1}.Release|x64.Build.0 = Release|Any CPU
		{ED0263A7-C636-4EC1-B16F-8D9158A5C5D1}.Release|x86.ActiveCfg = Release|Any CPU
		{ED0263A7-C636-4EC1-B16F-8D9158A5C5D1}.Release|x86.Build.0 = Release|Any CPU
		{A85EA3BD-BCC1-465F-8B85-4EA49EEC900C}.Debug|Any CPU.ActiveCfg = Debug|Any CPU
		{A85EA3BD-BCC1-465F-8B85-4EA49EEC900C}.Debug|Any CPU.Build.0 = Debug|Any CPU
		{A85EA3BD-BCC1-465F-8B85-4EA49EEC900C}.Debug|x64.ActiveCfg = Debug|Any CPU
		{A85EA3BD-BCC1-465F-8B85-4EA49EEC900C}.Debug|x64.Build.0 = Debug|Any CPU
		{A85EA3BD-BCC1-465F-8B85-4EA49EEC900C}.Debug|x86.ActiveCfg = Debug|Any CPU
		{A85EA3BD-BCC1-465F-8B85-4EA49EEC900C}.Debug|x86.Build.0 = Debug|Any CPU
		{A85EA3BD-BCC1-465F-8B85-4EA49EEC900C}.Release|Any CPU.ActiveCfg = Release|Any CPU
		{A85EA3BD-BCC1-465F-8B85-4EA49EEC900C}.Release|Any CPU.Build.0 = Release|Any CPU
		{A85EA3BD-BCC1-465F-8B85-4EA49EEC900C}.Release|x64.ActiveCfg = Release|Any CPU
		{A85EA3BD-BCC1-465F-8B85-4EA49EEC900C}.Release|x64.Build.0 = Release|Any CPU
		{A85EA3BD-BCC1-465F-8B85-4EA49EEC900C}.Release|x86.ActiveCfg = Release|Any CPU
		{A85EA3BD-BCC1-465F-8B85-4EA49EEC900C}.Release|x86.Build.0 = Release|Any CPU
		{D4F23D48-64E7-42DC-A1FB-6CB41BD29D39}.Debug|Any CPU.ActiveCfg = Debug|Any CPU
		{D4F23D48-64E7-42DC-A1FB-6CB41BD29D39}.Debug|Any CPU.Build.0 = Debug|Any CPU
		{D4F23D48-64E7-42DC-A1FB-6CB41BD29D39}.Debug|x64.ActiveCfg = Debug|Any CPU
		{D4F23D48-64E7-42DC-A1FB-6CB41BD29D39}.Debug|x64.Build.0 = Debug|Any CPU
		{D4F23D48-64E7-42DC-A1FB-6CB41BD29D39}.Debug|x86.ActiveCfg = Debug|Any CPU
		{D4F23D48-64E7-42DC-A1FB-6CB41BD29D39}.Debug|x86.Build.0 = Debug|Any CPU
		{D4F23D48-64E7-42DC-A1FB-6CB41BD29D39}.Release|Any CPU.ActiveCfg = Release|Any CPU
		{D4F23D48-64E7-42DC-A1FB-6CB41BD29D39}.Release|Any CPU.Build.0 = Release|Any CPU
		{D4F23D48-64E7-42DC-A1FB-6CB41BD29D39}.Release|x64.ActiveCfg = Release|Any CPU
		{D4F23D48-64E7-42DC-A1FB-6CB41BD29D39}.Release|x64.Build.0 = Release|Any CPU
		{D4F23D48-64E7-42DC-A1FB-6CB41BD29D39}.Release|x86.ActiveCfg = Release|Any CPU
		{D4F23D48-64E7-42DC-A1FB-6CB41BD29D39}.Release|x86.Build.0 = Release|Any CPU
		{9A219150-FD13-4E4F-9A58-0DBAF56278D1}.Debug|Any CPU.ActiveCfg = Debug|Any CPU
		{9A219150-FD13-4E4F-9A58-0DBAF56278D1}.Debug|Any CPU.Build.0 = Debug|Any CPU
		{9A219150-FD13-4E4F-9A58-0DBAF56278D1}.Debug|x64.ActiveCfg = Debug|Any CPU
		{9A219150-FD13-4E4F-9A58-0DBAF56278D1}.Debug|x64.Build.0 = Debug|Any CPU
		{9A219150-FD13-4E4F-9A58-0DBAF56278D1}.Debug|x86.ActiveCfg = Debug|Any CPU
		{9A219150-FD13-4E4F-9A58-0DBAF56278D1}.Debug|x86.Build.0 = Debug|Any CPU
		{9A219150-FD13-4E4F-9A58-0DBAF56278D1}.Release|Any CPU.ActiveCfg = Release|Any CPU
		{9A219150-FD13-4E4F-9A58-0DBAF56278D1}.Release|Any CPU.Build.0 = Release|Any CPU
		{9A219150-FD13-4E4F-9A58-0DBAF56278D1}.Release|x64.ActiveCfg = Release|Any CPU
		{9A219150-FD13-4E4F-9A58-0DBAF56278D1}.Release|x64.Build.0 = Release|Any CPU
		{9A219150-FD13-4E4F-9A58-0DBAF56278D1}.Release|x86.ActiveCfg = Release|Any CPU
		{9A219150-FD13-4E4F-9A58-0DBAF56278D1}.Release|x86.Build.0 = Release|Any CPU
		{DDD997E2-F660-40CC-9FE8-61C1F0CF9C60}.Debug|Any CPU.ActiveCfg = Debug|Any CPU
		{DDD997E2-F660-40CC-9FE8-61C1F0CF9C60}.Debug|Any CPU.Build.0 = Debug|Any CPU
		{DDD997E2-F660-40CC-9FE8-61C1F0CF9C60}.Debug|x64.ActiveCfg = Debug|Any CPU
		{DDD997E2-F660-40CC-9FE8-61C1F0CF9C60}.Debug|x64.Build.0 = Debug|Any CPU
		{DDD997E2-F660-40CC-9FE8-61C1F0CF9C60}.Debug|x86.ActiveCfg = Debug|Any CPU
		{DDD997E2-F660-40CC-9FE8-61C1F0CF9C60}.Debug|x86.Build.0 = Debug|Any CPU
		{DDD997E2-F660-40CC-9FE8-61C1F0CF9C60}.Release|Any CPU.ActiveCfg = Release|Any CPU
		{DDD997E2-F660-40CC-9FE8-61C1F0CF9C60}.Release|Any CPU.Build.0 = Release|Any CPU
		{DDD997E2-F660-40CC-9FE8-61C1F0CF9C60}.Release|x64.ActiveCfg = Release|Any CPU
		{DDD997E2-F660-40CC-9FE8-61C1F0CF9C60}.Release|x64.Build.0 = Release|Any CPU
		{DDD997E2-F660-40CC-9FE8-61C1F0CF9C60}.Release|x86.ActiveCfg = Release|Any CPU
		{DDD997E2-F660-40CC-9FE8-61C1F0CF9C60}.Release|x86.Build.0 = Release|Any CPU
		{B74DF7CE-EB2A-4B8F-831A-22D625492130}.Debug|Any CPU.ActiveCfg = Debug|Any CPU
		{B74DF7CE-EB2A-4B8F-831A-22D625492130}.Debug|Any CPU.Build.0 = Debug|Any CPU
		{B74DF7CE-EB2A-4B8F-831A-22D625492130}.Debug|x64.ActiveCfg = Debug|Any CPU
		{B74DF7CE-EB2A-4B8F-831A-22D625492130}.Debug|x64.Build.0 = Debug|Any CPU
		{B74DF7CE-EB2A-4B8F-831A-22D625492130}.Debug|x86.ActiveCfg = Debug|Any CPU
		{B74DF7CE-EB2A-4B8F-831A-22D625492130}.Debug|x86.Build.0 = Debug|Any CPU
		{B74DF7CE-EB2A-4B8F-831A-22D625492130}.Release|Any CPU.ActiveCfg = Release|Any CPU
		{B74DF7CE-EB2A-4B8F-831A-22D625492130}.Release|Any CPU.Build.0 = Release|Any CPU
		{B74DF7CE-EB2A-4B8F-831A-22D625492130}.Release|x64.ActiveCfg = Release|Any CPU
		{B74DF7CE-EB2A-4B8F-831A-22D625492130}.Release|x64.Build.0 = Release|Any CPU
		{B74DF7CE-EB2A-4B8F-831A-22D625492130}.Release|x86.ActiveCfg = Release|Any CPU
		{B74DF7CE-EB2A-4B8F-831A-22D625492130}.Release|x86.Build.0 = Release|Any CPU
		{2F74C084-41A7-4960-AF36-854D8E5575AB}.Debug|Any CPU.ActiveCfg = Debug|Any CPU
		{2F74C084-41A7-4960-AF36-854D8E5575AB}.Debug|Any CPU.Build.0 = Debug|Any CPU
		{2F74C084-41A7-4960-AF36-854D8E5575AB}.Debug|x64.ActiveCfg = Debug|Any CPU
		{2F74C084-41A7-4960-AF36-854D8E5575AB}.Debug|x64.Build.0 = Debug|Any CPU
		{2F74C084-41A7-4960-AF36-854D8E5575AB}.Debug|x86.ActiveCfg = Debug|Any CPU
		{2F74C084-41A7-4960-AF36-854D8E5575AB}.Debug|x86.Build.0 = Debug|Any CPU
		{2F74C084-41A7-4960-AF36-854D8E5575AB}.Release|Any CPU.ActiveCfg = Release|Any CPU
		{2F74C084-41A7-4960-AF36-854D8E5575AB}.Release|Any CPU.Build.0 = Release|Any CPU
		{2F74C084-41A7-4960-AF36-854D8E5575AB}.Release|x64.ActiveCfg = Release|Any CPU
		{2F74C084-41A7-4960-AF36-854D8E5575AB}.Release|x64.Build.0 = Release|Any CPU
		{2F74C084-41A7-4960-AF36-854D8E5575AB}.Release|x86.ActiveCfg = Release|Any CPU
		{2F74C084-41A7-4960-AF36-854D8E5575AB}.Release|x86.Build.0 = Release|Any CPU
		{235C1781-D5FB-4D9A-95F6-66A57A848D96}.Debug|Any CPU.ActiveCfg = Debug|Any CPU
		{235C1781-D5FB-4D9A-95F6-66A57A848D96}.Debug|Any CPU.Build.0 = Debug|Any CPU
		{235C1781-D5FB-4D9A-95F6-66A57A848D96}.Debug|x64.ActiveCfg = Debug|Any CPU
		{235C1781-D5FB-4D9A-95F6-66A57A848D96}.Debug|x64.Build.0 = Debug|Any CPU
		{235C1781-D5FB-4D9A-95F6-66A57A848D96}.Debug|x86.ActiveCfg = Debug|Any CPU
		{235C1781-D5FB-4D9A-95F6-66A57A848D96}.Debug|x86.Build.0 = Debug|Any CPU
		{235C1781-D5FB-4D9A-95F6-66A57A848D96}.Release|Any CPU.ActiveCfg = Release|Any CPU
		{235C1781-D5FB-4D9A-95F6-66A57A848D96}.Release|Any CPU.Build.0 = Release|Any CPU
		{235C1781-D5FB-4D9A-95F6-66A57A848D96}.Release|x64.ActiveCfg = Release|Any CPU
		{235C1781-D5FB-4D9A-95F6-66A57A848D96}.Release|x64.Build.0 = Release|Any CPU
		{235C1781-D5FB-4D9A-95F6-66A57A848D96}.Release|x86.ActiveCfg = Release|Any CPU
		{235C1781-D5FB-4D9A-95F6-66A57A848D96}.Release|x86.Build.0 = Release|Any CPU
		{16F256A2-7E1C-4A40-A850-5B6F7EDFE8D5}.Debug|Any CPU.ActiveCfg = Debug|Any CPU
		{16F256A2-7E1C-4A40-A850-5B6F7EDFE8D5}.Debug|Any CPU.Build.0 = Debug|Any CPU
		{16F256A2-7E1C-4A40-A850-5B6F7EDFE8D5}.Debug|x64.ActiveCfg = Debug|Any CPU
		{16F256A2-7E1C-4A40-A850-5B6F7EDFE8D5}.Debug|x64.Build.0 = Debug|Any CPU
		{16F256A2-7E1C-4A40-A850-5B6F7EDFE8D5}.Debug|x86.ActiveCfg = Debug|Any CPU
		{16F256A2-7E1C-4A40-A850-5B6F7EDFE8D5}.Debug|x86.Build.0 = Debug|Any CPU
		{16F256A2-7E1C-4A40-A850-5B6F7EDFE8D5}.Release|Any CPU.ActiveCfg = Release|Any CPU
		{16F256A2-7E1C-4A40-A850-5B6F7EDFE8D5}.Release|Any CPU.Build.0 = Release|Any CPU
		{16F256A2-7E1C-4A40-A850-5B6F7EDFE8D5}.Release|x64.ActiveCfg = Release|Any CPU
		{16F256A2-7E1C-4A40-A850-5B6F7EDFE8D5}.Release|x64.Build.0 = Release|Any CPU
		{16F256A2-7E1C-4A40-A850-5B6F7EDFE8D5}.Release|x86.ActiveCfg = Release|Any CPU
		{16F256A2-7E1C-4A40-A850-5B6F7EDFE8D5}.Release|x86.Build.0 = Release|Any CPU
	EndGlobalSection
	GlobalSection(SolutionProperties) = preSolution
		HideSolutionNode = FALSE
	EndGlobalSection
	GlobalSection(NestedProjects) = preSolution
		{1B8A23FD-CEB7-4F21-A2B3-DA3A1516DE38} = {827E0CD3-B72D-47B6-A68D-7590B98EB39B}
		{9BE3CF32-B1AC-4606-B9FB-9450425BA0A2} = {827E0CD3-B72D-47B6-A68D-7590B98EB39B}
		{A6314BA2-4FA6-489B-9E29-0096F2BA9DFD} = {827E0CD3-B72D-47B6-A68D-7590B98EB39B}
		{CF78B36B-BF78-401C-AF84-121C37ED4AFE} = {827E0CD3-B72D-47B6-A68D-7590B98EB39B}
		{02EA681E-C7D8-13C7-8484-4AC65E1B71E8} = {827E0CD3-B72D-47B6-A68D-7590B98EB39B}
		{7560653F-017F-465E-BC3F-2236CF8BF7F2} = {02EA681E-C7D8-13C7-8484-4AC65E1B71E8}
		{5E24E14F-28D2-4DC9-A52D-FD33E7B8E9C1} = {827E0CD3-B72D-47B6-A68D-7590B98EB39B}
		{FB850C7D-746B-4B4C-AFDB-B9D8B670F28F} = {0DCAED58-C2BA-4044-90DB-3228CB988A06}
		{0DCAED58-C2BA-4044-90DB-3228CB988A06} = {5E24E14F-28D2-4DC9-A52D-FD33E7B8E9C1}
		{7F658C61-0641-4766-AAA0-1B76298ADDB2} = {0DCAED58-C2BA-4044-90DB-3228CB988A06}
		{C0128286-EBEF-4F52-BAEF-7209B95E93A8} = {0DCAED58-C2BA-4044-90DB-3228CB988A06}
		{550B1D0B-C14C-47A7-91B9-5AE09106D3CD} = {0DCAED58-C2BA-4044-90DB-3228CB988A06}
		{36B5F964-9C78-4CDA-A047-50A7A93022B5} = {5E24E14F-28D2-4DC9-A52D-FD33E7B8E9C1}
		{B0474E76-DC74-4937-A256-B6D7E0700C69} = {36B5F964-9C78-4CDA-A047-50A7A93022B5}
		{9E6FAF93-9FF8-4214-A79A-032E625A426B} = {36B5F964-9C78-4CDA-A047-50A7A93022B5}
		{5F078020-B741-4E00-935F-4447893F3DF9} = {36B5F964-9C78-4CDA-A047-50A7A93022B5}
		{F8B2DFBA-4F25-46D0-8649-50B587388D27} = {36B5F964-9C78-4CDA-A047-50A7A93022B5}
		{DB86EC94-A3DD-447A-8675-A8F528B31003} = {5E24E14F-28D2-4DC9-A52D-FD33E7B8E9C1}
		{B2A56692-0E22-433A-83D4-4CA01E94BD3D} = {DB86EC94-A3DD-447A-8675-A8F528B31003}
		{20A4B18C-1D33-4838-9258-46E946B987AC} = {DB86EC94-A3DD-447A-8675-A8F528B31003}
		{C16886D1-32E6-4FB4-800B-1909DBC0DF10} = {DB86EC94-A3DD-447A-8675-A8F528B31003}
		{F8305E80-9392-4654-8E6F-0A9A4EC0464A} = {DB86EC94-A3DD-447A-8675-A8F528B31003}
		{03F4C32F-BA5B-46F2-94FA-16ACDB3CB0E9} = {5E24E14F-28D2-4DC9-A52D-FD33E7B8E9C1}
		{F3C567EF-D164-4036-882E-9F06F8296049} = {03F4C32F-BA5B-46F2-94FA-16ACDB3CB0E9}
		{8E176420-AD16-49B8-88FF-8C59A61EAA01} = {03F4C32F-BA5B-46F2-94FA-16ACDB3CB0E9}
		{4F9527AE-CB75-4662-AFAA-6540792C85F6} = {03F4C32F-BA5B-46F2-94FA-16ACDB3CB0E9}
		{51333F6A-42E4-4CA5-A12E-3DA743F802EA} = {827E0CD3-B72D-47B6-A68D-7590B98EB39B}
		{F92D18D4-FF80-4BBC-B077-6DA690472F00} = {51333F6A-42E4-4CA5-A12E-3DA743F802EA}
		{1CDB920A-EB1E-4ABC-AF0A-DBE2095EC490} = {51333F6A-42E4-4CA5-A12E-3DA743F802EA}
		{D4CF9532-5182-4BFF-B07F-0BE617447E14} = {6BBE1A47-7671-4FA7-BB81-96E101BB8950}
		{657A98DE-C395-4746-A9BE-3A1678E0392E} = {6BBE1A47-7671-4FA7-BB81-96E101BB8950}
		{BC27C828-D950-4ACE-9FB6-F3BFC08276D3} = {6BBE1A47-7671-4FA7-BB81-96E101BB8950}
		{CEE99A05-D365-4A61-ADC1-4825ABE61C15} = {5E24E14F-28D2-4DC9-A52D-FD33E7B8E9C1}
		{579A4A28-3B64-4BDE-90DA-1FB65F2A7AA4} = {CEE99A05-D365-4A61-ADC1-4825ABE61C15}
		{B23C564F-69AF-4F3A-AE8B-F5E97A9B80E2} = {CEE99A05-D365-4A61-ADC1-4825ABE61C15}
		{D266C00C-6102-4FC0-AFA7-D8026B8208E5} = {CEE99A05-D365-4A61-ADC1-4825ABE61C15}
		{C37343C6-1305-4274-B4BD-11D4B46326E3} = {6BBE1A47-7671-4FA7-BB81-96E101BB8950}
		{ED0263A7-C636-4EC1-B16F-8D9158A5C5D1} = {6BBE1A47-7671-4FA7-BB81-96E101BB8950}
		{2D1C94FB-9FAF-44DB-98D0-7800AF4810A2} = {5E24E14F-28D2-4DC9-A52D-FD33E7B8E9C1}
		{A85EA3BD-BCC1-465F-8B85-4EA49EEC900C} = {2D1C94FB-9FAF-44DB-98D0-7800AF4810A2}
		{D4F23D48-64E7-42DC-A1FB-6CB41BD29D39} = {2D1C94FB-9FAF-44DB-98D0-7800AF4810A2}
		{9A219150-FD13-4E4F-9A58-0DBAF56278D1} = {2D1C94FB-9FAF-44DB-98D0-7800AF4810A2}
		{DDD997E2-F660-40CC-9FE8-61C1F0CF9C60} = {2D1C94FB-9FAF-44DB-98D0-7800AF4810A2}
		{B74DF7CE-EB2A-4B8F-831A-22D625492130} = {6BBE1A47-7671-4FA7-BB81-96E101BB8950}
		{2F74C084-41A7-4960-AF36-854D8E5575AB} = {CEE99A05-D365-4A61-ADC1-4825ABE61C15}
		{235C1781-D5FB-4D9A-95F6-66A57A848D96} = {51333F6A-42E4-4CA5-A12E-3DA743F802EA}
		{16F256A2-7E1C-4A40-A850-5B6F7EDFE8D5} = {03F4C32F-BA5B-46F2-94FA-16ACDB3CB0E9}
	EndGlobalSection
	GlobalSection(ExtensibilityGlobals) = postSolution
		SolutionGuid = {D570F108-396D-4699-97F6-AB1EA8510839}
	EndGlobalSection
EndGlobal
